
Microsoft Visual Studio Solution File, Format Version 12.00
# Visual Studio Version 16
VisualStudioVersion = 16.0.30621.155
MinimumVisualStudioVersion = 10.0.40219.1
Project("{FAE04EC0-301F-11D3-BF4B-00C04F79EFBC}") = "WoW", "WoW.csproj", "{0495905C-7194-47C8-B78E-1A5531575A7C}"
EndProject
Global
	GlobalSection(SolutionConfigurationPlatforms) = preSolution
		Debug|Any CPU = Debug|Any CPU
		Release|Any CPU = Release|Any CPU
	EndGlobalSection
	GlobalSection(ProjectConfigurationPlatforms) = postSolution
		{0495905C-7194-47C8-B78E-1A5531575A7C}.Debug|Any CPU.ActiveCfg = Debug|Any CPU
		{0495905C-7194-47C8-B78E-1A5531575A7C}.Debug|Any CPU.Build.0 = Debug|Any CPU
		{0495905C-7194-47C8-B78E-1A5531575A7C}.Release|Any CPU.ActiveCfg = Release|Any CPU
		{0495905C-7194-47C8-B78E-1A5531575A7C}.Release|Any CPU.Build.0 = Release|Any CPU
	EndGlobalSection
	GlobalSection(SolutionProperties) = preSolution
		HideSolutionNode = FALSE
	EndGlobalSection
	GlobalSection(ExtensibilityGlobals) = postSolution
		SolutionGuid = {CFB4B291-FFB0-4017-A70E-C46269729443}
	EndGlobalSection
EndGlobal
